[[package]]
category = "main"
description = "Python Bitcoin Tools"
name = "bitcoin"
optional = false
python-versions = "*"
version = "1.1.42"

[[package]]
category = "main"
description = "Cross-platform colored terminal text."
marker = "platform_system == \"Windows\""
name = "colorama"
optional = false
python-versions = ">=2.7, !=3.0.*, !=3.1.*, !=3.2.*, !=3.3.*, !=3.4.*"
version = "0.4.4"

[[package]]
category = "main"
description = "QR Code image generator"
name = "qrcode"
optional = false
python-versions = "*"
version = "6.1"

[package.dependencies]
colorama = "*"
six = "*"

[package.extras]
dev = ["tox", "pytest", "mock"]
maintainer = ["zest.releaser"]
pil = ["pillow"]
test = ["pytest", "pytest-cov", "mock"]

[[package]]
category = "main"
description = "Python 2 and 3 compatibility utilities"
name = "six"
optional = false
python-versions = ">=2.7, !=3.0.*, !=3.1.*, !=3.2.*"
version = "1.16.0"

[[package]]
category = "main"
description = "urllib2 extension which permit multipart file upload"
name = "urllib2-file"
optional = false
python-versions = "*"
version = "0.2.1"

[[package]]
category = "main"
description = "HTTP library with thread-safe connection pooling, file post, and more."
name = "urllib3"
optional = false
python-versions = ">=2.7, !=3.0.*, !=3.1.*, !=3.2.*, !=3.3.*, !=3.4.*, <4"
version = "1.26.4"

[package.extras]
brotli = ["brotlipy (>=0.6.0)"]
secure = ["pyOpenSSL (>=0.14)", "cryptography (>=1.3.4)", "idna (>=2.0.0)", "certifi", "ipaddress"]
socks = ["PySocks (>=1.5.6,<1.5.7 || >1.5.7,<2.0)"]

[metadata]
content-hash = "cf110fbd27bf3fe8ee216c4e49331174f28b7fb561b060d6453fcdfc32125bc8"
python-versions = "^3.8"

[metadata.files]
bitcoin = [
    {file = "bitcoin-1.1.42.tar.gz", hash = "sha256:11ba70bd9e1c764f6bb2c4bd4c7fbebd5c9053c73f4d4325b00a98869a8b7236"},
]
colorama = [
    {file = "colorama-0.4.4-py2.py3-none-any.whl", hash = "sha256:9f47eda37229f68eee03b24b9748937c7dc3868f906e8ba69fbcbdd3bc5dc3e2"},
    {file = "colorama-0.4.4.tar.gz", hash = "sha256:5941b2b48a20143d2267e95b1c2a7603ce057ee39fd88e7329b0c292aa16869b"},
]
qrcode = [
    {file = "qrcode-6.1-py2.py3-none-any.whl", hash = "sha256:3996ee560fc39532910603704c82980ff6d4d5d629f9c3f25f34174ce8606cf5"},
    {file = "qrcode-6.1.tar.gz", hash = "sha256:505253854f607f2abf4d16092c61d4e9d511a3b4392e60bff957a68592b04369"},
]
six = [
    {file = "six-1.16.0-py2.py3-none-any.whl", hash = "sha256:8abb2f1d86890a2dfb989f9a77cfcfd3e47c2a354b01111771326f8aa26e0254"},
    {file = "six-1.16.0.tar.gz", hash = "sha256:1e61c37477a1626458e36f7b1d82aa5c9b094fa4802892072e49de9c60c4c926"},
]
urllib2-file = [
    {file = "urllib2_file-0.2.1.tar.gz", hash = "sha256:bac55461912d4259afa819e5934e6ccdf07e30f650c3b5e4d9176d7cef9da47a"},
]
urllib3 = [
    {file = "urllib3-1.26.4-py2.py3-none-any.whl", hash = "sha256:2f4da4594db7e1e110a944bb1b551fdf4e6c136ad42e4234131391e21eb5b0df"},
    {file = "urllib3-1.26.4.tar.gz", hash = "sha256:e7b021f7241115872f92f43c6508082facffbd1c048e3c6e2bb9c2a157e28937"},
]
